
Microsoft Visual Studio Solution File, Format Version 12.00
# Visual Studio Version 17
VisualStudioVersion = 17.1.32328.378
MinimumVisualStudioVersion = 10.0.40219.1
Project("{FAE04EC0-301F-11D3-BF4B-00C04F79EFBC}") = "Human.Resources.API", "Human.Resources.API\Human.Resources.API.csproj", "{0E5EDE33-0B33-40A6-A100-249E110D4A8C}"
	ProjectSection(ProjectDependencies) = postProject
		{E7D5AC1A-DCB4-4344-B31D-AF3A79B0D1E6} = {E7D5AC1A-DCB4-4344-B31D-AF3A79B0D1E6}
		{DE9B4259-07D9-4472-8277-20F662B1291F} = {DE9B4259-07D9-4472-8277-20F662B1291F}
	EndProjectSection
EndProject
Project("{FAE04EC0-301F-11D3-BF4B-00C04F79EFBC}") = "Human.Resources.API.Domain", "Human.Resources.API.Domain\Human.Resources.API.Domain.csproj", "{E7D5AC1A-DCB4-4344-B31D-AF3A79B0D1E6}"
EndProject
Project("{FAE04EC0-301F-11D3-BF4B-00C04F79EFBC}") = "Human.Resources.API.Infraestructure", "Human.Resources.API.Infraestructure\Human.Resources.API.Infraestructure.csproj", "{DE9B4259-07D9-4472-8277-20F662B1291F}"
	ProjectSection(ProjectDependencies) = postProject
		{E7D5AC1A-DCB4-4344-B31D-AF3A79B0D1E6} = {E7D5AC1A-DCB4-4344-B31D-AF3A79B0D1E6}
	EndProjectSection
EndProject
Global
	GlobalSection(SolutionConfigurationPlatforms) = preSolution
		Debug|Any CPU = Debug|Any CPU
		Release|Any CPU = Release|Any CPU
	EndGlobalSection
	GlobalSection(ProjectConfigurationPlatforms) = postSolution
		{0E5EDE33-0B33-40A6-A100-249E110D4A8C}.Debug|Any CPU.ActiveCfg = Debug|Any CPU
		{0E5EDE33-0B33-40A6-A100-249E110D4A8C}.Debug|Any CPU.Build.0 = Debug|Any CPU
		{0E5EDE33-0B33-40A6-A100-249E110D4A8C}.Release|Any CPU.ActiveCfg = Release|Any CPU
		{0E5EDE33-0B33-40A6-A100-249E110D4A8C}.Release|Any CPU.Build.0 = Release|Any CPU
		{E7D5AC1A-DCB4-4344-B31D-AF3A79B0D1E6}.Debug|Any CPU.ActiveCfg = Debug|Any CPU
		{E7D5AC1A-DCB4-4344-B31D-AF3A79B0D1E6}.Debug|Any CPU.Build.0 = Debug|Any CPU
		{E7D5AC1A-DCB4-4344-B31D-AF3A79B0D1E6}.Release|Any CPU.ActiveCfg = Release|Any CPU
		{E7D5AC1A-DCB4-4344-B31D-AF3A79B0D1E6}.Release|Any CPU.Build.0 = Release|Any CPU
		{DE9B4259-07D9-4472-8277-20F662B1291F}.Debug|Any CPU.ActiveCfg = Debug|Any CPU
		{DE9B4259-07D9-4472-8277-20F662B1291F}.Debug|Any CPU.Build.0 = Debug|Any CPU
		{DE9B4259-07D9-4472-8277-20F662B1291F}.Release|Any CPU.ActiveCfg = Release|Any CPU
		{DE9B4259-07D9-4472-8277-20F662B1291F}.Release|Any CPU.Build.0 = Release|Any CPU
	EndGlobalSection
	GlobalSection(SolutionProperties) = preSolution
		HideSolutionNode = FALSE
	EndGlobalSection
	GlobalSection(ExtensibilityGlobals) = postSolution
		SolutionGuid = {A1AEF20E-6328-4B21-AA6E-6FFB32D69A10}
	EndGlobalSection
EndGlobal
